
Microsoft Visual Studio Solution File, Format Version 12.00
# Visual Studio Version 17
VisualStudioVersion = 17.5.33627.172
MinimumVisualStudioVersion = 10.0.40219.1
Project("{FAE04EC0-301F-11D3-BF4B-00C04F79EFBC}") = "DesktopCapture", "DesktopCapture\DesktopCapture.csproj", "{459DA509-3C73-4509-8862-EDB82A844249}"
EndProject
Global
	GlobalSection(SolutionConfigurationPlatforms) = preSolution
		Debug|Any CPU = Debug|Any CPU
		Release|Any CPU = Release|Any CPU
	EndGlobalSection
	GlobalSection(ProjectConfigurationPlatforms) = postSolution
		{459DA509-3C73-4509-8862-EDB82A844249}.Debug|Any CPU.ActiveCfg = Debug|Any CPU
		{459DA509-3C73-4509-8862-EDB82A844249}.Debug|Any CPU.Build.0 = Debug|Any CPU
		{459DA509-3C73-4509-8862-EDB82A844249}.Release|Any CPU.ActiveCfg = Release|Any CPU
		{459DA509-3C73-4509-8862-EDB82A844249}.Release|Any CPU.Build.0 = Release|Any CPU
	EndGlobalSection
	GlobalSection(SolutionProperties) = preSolution
		HideSolutionNode = FALSE
	EndGlobalSection
	GlobalSection(ExtensibilityGlobals) = postSolution
		SolutionGuid = {E92DBA09-1681-498C-9FC2-4649E6B5D715}
	EndGlobalSection
EndGlobal
